
Microsoft Visual Studio Solution File, Format Version 12.00
# Visual Studio 15
VisualStudioVersion = 15.0.26430.6
MinimumVisualStudioVersion = 10.0.40219.1
Project("{FAE04EC0-301F-11D3-BF4B-00C04F79EFBC}") = "01.ReverseStringWithStack", "01.ReverseStringWithStack\01.ReverseStringWithStack.csproj", "{9F3630D1-0A4D-44E2-826B-C88B2457424A}"
EndProject
Project("{FAE04EC0-301F-11D3-BF4B-00C04F79EFBC}") = "02.SimpleCalculatorWithStack", "02.SimpleCalculatorWithStack\02.SimpleCalculatorWithStack.csproj", "{1B19857C-7B54-496F-B50E-ECCF63C22A0D}"
EndProject
Project("{FAE04EC0-301F-11D3-BF4B-00C04F79EFBC}") = "03.DecimalToBinaryConverterWithStack", "03.DecimalToBinaryConverterWithStack\03.DecimalToBinaryConverterWithStack.csproj", "{88412FDC-CBE1-4D6D-809C-B083AAE721E9}"
EndProject
Project("{FAE04EC0-301F-11D3-BF4B-00C04F79EFBC}") = "04.MatchingBracketsWithStack", "04.MatchingBracketsWithStack\04.MatchingBracketsWithStack.csproj", "{1D5ADC07-B71F-4072-9761-FE1AC9949B8D}"
EndProject
Project("{FAE04EC0-301F-11D3-BF4B-00C04F79EFBC}") = "04.MatchingBracketsWithQueue", "04.MatchingBracketsWithQueue\04.MatchingBracketsWithQueue.csproj", "{E4A09FD4-E311-4C53-87E4-4AF1D4102FCC}"
EndProject
Project("{FAE04EC0-301F-11D3-BF4B-00C04F79EFBC}") = "05.HotPotatoWithQueue", "05.HotPotatoWithQueue\05.HotPotatoWithQueue.csproj", "{108DFFA3-FB93-4B87-9CA7-7F3860FB4CB0}"
EndProject
Project("{FAE04EC0-301F-11D3-BF4B-00C04F79EFBC}") = "06.MathPotatoWithQueue", "06.MathPotatoWithQueue\06.MathPotatoWithQueue.csproj", "{36FACA59-7A3E-40B0-8D7B-9C3854BADA0F}"
EndProject
Project("{FAE04EC0-301F-11D3-BF4B-00C04F79EFBC}") = "01.ReverseStringWithQueue", "01.ReverseStringWithQueue\01.ReverseStringWithQueue.csproj", "{49F63D90-BCFF-40FE-B0D6-0741E10DCDA2}"
EndProject
Global
	GlobalSection(SolutionConfigurationPlatforms) = preSolution
		Debug|Any CPU = Debug|Any CPU
		Release|Any CPU = Release|Any CPU
	EndGlobalSection
	GlobalSection(ProjectConfigurationPlatforms) = postSolution
		{9F3630D1-0A4D-44E2-826B-C88B2457424A}.Debug|Any CPU.ActiveCfg = Debug|Any CPU
		{9F3630D1-0A4D-44E2-826B-C88B2457424A}.Debug|Any CPU.Build.0 = Debug|Any CPU
		{9F3630D1-0A4D-44E2-826B-C88B2457424A}.Release|Any CPU.ActiveCfg = Release|Any CPU
		{9F3630D1-0A4D-44E2-826B-C88B2457424A}.Release|Any CPU.Build.0 = Release|Any CPU
		{1B19857C-7B54-496F-B50E-ECCF63C22A0D}.Debug|Any CPU.ActiveCfg = Debug|Any CPU
		{1B19857C-7B54-496F-B50E-ECCF63C22A0D}.Debug|Any CPU.Build.0 = Debug|Any CPU
		{1B19857C-7B54-496F-B50E-ECCF63C22A0D}.Release|Any CPU.ActiveCfg = Release|Any CPU
		{1B19857C-7B54-496F-B50E-ECCF63C22A0D}.Release|Any CPU.Build.0 = Release|Any CPU
		{88412FDC-CBE1-4D6D-809C-B083AAE721E9}.Debug|Any CPU.ActiveCfg = Debug|Any CPU
		{88412FDC-CBE1-4D6D-809C-B083AAE721E9}.Debug|Any CPU.Build.0 = Debug|Any CPU
		{88412FDC-CBE1-4D6D-809C-B083AAE721E9}.Release|Any CPU.ActiveCfg = Release|Any CPU
		{88412FDC-CBE1-4D6D-809C-B083AAE721E9}.Release|Any CPU.Build.0 = Release|Any CPU
		{1D5ADC07-B71F-4072-9761-FE1AC9949B8D}.Debug|Any CPU.ActiveCfg = Debug|Any CPU
		{1D5ADC07-B71F-4072-9761-FE1AC9949B8D}.Debug|Any CPU.Build.0 = Debug|Any CPU
		{1D5ADC07-B71F-4072-9761-FE1AC9949B8D}.Release|Any CPU.ActiveCfg = Release|Any CPU
		{1D5ADC07-B71F-4072-9761-FE1AC9949B8D}.Release|Any CPU.Build.0 = Release|Any CPU
		{E4A09FD4-E311-4C53-87E4-4AF1D4102FCC}.Debug|Any CPU.ActiveCfg = Debug|Any CPU
		{E4A09FD4-E311-4C53-87E4-4AF1D4102FCC}.Debug|Any CPU.Build.0 = Debug|Any CPU
		{E4A09FD4-E311-4C53-87E4-4AF1D4102FCC}.Release|Any CPU.ActiveCfg = Release|Any CPU
		{E4A09FD4-E311-4C53-87E4-4AF1D4102FCC}.Release|Any CPU.Build.0 = Release|Any CPU
		{108DFFA3-FB93-4B87-9CA7-7F3860FB4CB0}.Debug|Any CPU.ActiveCfg = Debug|Any CPU
		{108DFFA3-FB93-4B87-9CA7-7F3860FB4CB0}.Debug|Any CPU.Build.0 = Debug|Any CPU
		{108DFFA3-FB93-4B87-9CA7-7F3860FB4CB0}.Release|Any CPU.ActiveCfg = Release|Any CPU
		{108DFFA3-FB93-4B87-9CA7-7F3860FB4CB0}.Release|Any CPU.Build.0 = Release|Any CPU
		{36FACA59-7A3E-40B0-8D7B-9C3854BADA0F}.Debug|Any CPU.ActiveCfg = Debug|Any CPU
		{36FACA59-7A3E-40B0-8D7B-9C3854BADA0F}.Debug|Any CPU.Build.0 = Debug|Any CPU
		{36FACA59-7A3E-40B0-8D7B-9C3854BADA0F}.Release|Any CPU.ActiveCfg = Release|Any CPU
		{36FACA59-7A3E-40B0-8D7B-9C3854BADA0F}.Release|Any CPU.Build.0 = Release|Any CPU
		{49F63D90-BCFF-40FE-B0D6-0741E10DCDA2}.Debug|Any CPU.ActiveCfg = Debug|Any CPU
		{49F63D90-BCFF-40FE-B0D6-0741E10DCDA2}.Debug|Any CPU.Build.0 = Debug|Any CPU
		{49F63D90-BCFF-40FE-B0D6-0741E10DCDA2}.Release|Any CPU.ActiveCfg = Release|Any CPU
		{49F63D90-BCFF-40FE-B0D6-0741E10DCDA2}.Release|Any CPU.Build.0 = Release|Any CPU
	EndGlobalSection
	GlobalSection(SolutionProperties) = preSolution
		HideSolutionNode = FALSE
	EndGlobalSection
EndGlobal
