
Microsoft Visual Studio Solution File, Format Version 12.00
# Visual Studio 15
VisualStudioVersion = 15.0.26430.12
MinimumVisualStudioVersion = 10.0.40219.1
Project("{FAE04EC0-301F-11D3-BF4B-00C04F79EFBC}") = "01.SumMatrixElements", "01.SumMatrixElements\01.SumMatrixElements.csproj", "{3265277A-FFEC-4746-949E-707882157EDC}"
EndProject
Project("{FAE04EC0-301F-11D3-BF4B-00C04F79EFBC}") = "Demo", "Demo\Demo.csproj", "{CFBBA4EB-8912-4097-BC61-687AA36065F7}"
EndProject
Project("{FAE04EC0-301F-11D3-BF4B-00C04F79EFBC}") = "Demo1", "Demo1\Demo1.csproj", "{EDDF43E9-FB8F-4080-92DC-99E6B140CF89}"
EndProject
Project("{FAE04EC0-301F-11D3-BF4B-00C04F79EFBC}") = "01.SumMatrixElements2", "01.SumMatrixElements2\01.SumMatrixElements2.csproj", "{B8B19D01-5A4E-4862-B140-92278333191E}"
EndProject
Project("{FAE04EC0-301F-11D3-BF4B-00C04F79EFBC}") = "02.MaximumuSumOf2x2Submatrix", "02.MaximumuSumOf2x2Submatrix\02.MaximumuSumOf2x2Submatrix.csproj", "{984E526D-1653-4C4A-A627-B491AD243DFB}"
EndProject
Project("{FAE04EC0-301F-11D3-BF4B-00C04F79EFBC}") = "03.GroupNumbers", "03.GroupNumbers\03.GroupNumbers.csproj", "{C16C1D15-811C-46CD-93AA-9A79222C22C9}"
EndProject
Project("{FAE04EC0-301F-11D3-BF4B-00C04F79EFBC}") = "03.GroupNumbersDemo", "03.GroupNumbersDemo\03.GroupNumbersDemo.csproj", "{D75B03B1-66E5-4CEB-9201-EC133854FAB6}"
EndProject
Project("{FAE04EC0-301F-11D3-BF4B-00C04F79EFBC}") = "04.PascalTriangle", "04.PascalTriangle\04.PascalTriangle.csproj", "{821927FB-6C24-43B7-9D3A-8A87743F42BB}"
EndProject
Project("{FAE04EC0-301F-11D3-BF4B-00C04F79EFBC}") = "04.PascalShort", "04.PascalShort\04.PascalShort.csproj", "{0275BFC9-0B31-43DD-AE57-5CDA02D29452}"
EndProject
Global
	GlobalSection(SolutionConfigurationPlatforms) = preSolution
		Debug|Any CPU = Debug|Any CPU
		Release|Any CPU = Release|Any CPU
	EndGlobalSection
	GlobalSection(ProjectConfigurationPlatforms) = postSolution
		{3265277A-FFEC-4746-949E-707882157EDC}.Debug|Any CPU.ActiveCfg = Debug|Any CPU
		{3265277A-FFEC-4746-949E-707882157EDC}.Debug|Any CPU.Build.0 = Debug|Any CPU
		{3265277A-FFEC-4746-949E-707882157EDC}.Release|Any CPU.ActiveCfg = Release|Any CPU
		{3265277A-FFEC-4746-949E-707882157EDC}.Release|Any CPU.Build.0 = Release|Any CPU
		{CFBBA4EB-8912-4097-BC61-687AA36065F7}.Debug|Any CPU.ActiveCfg = Debug|Any CPU
		{CFBBA4EB-8912-4097-BC61-687AA36065F7}.Debug|Any CPU.Build.0 = Debug|Any CPU
		{CFBBA4EB-8912-4097-BC61-687AA36065F7}.Release|Any CPU.ActiveCfg = Release|Any CPU
		{CFBBA4EB-8912-4097-BC61-687AA36065F7}.Release|Any CPU.Build.0 = Release|Any CPU
		{EDDF43E9-FB8F-4080-92DC-99E6B140CF89}.Debug|Any CPU.ActiveCfg = Debug|Any CPU
		{EDDF43E9-FB8F-4080-92DC-99E6B140CF89}.Debug|Any CPU.Build.0 = Debug|Any CPU
		{EDDF43E9-FB8F-4080-92DC-99E6B140CF89}.Release|Any CPU.ActiveCfg = Release|Any CPU
		{EDDF43E9-FB8F-4080-92DC-99E6B140CF89}.Release|Any CPU.Build.0 = Release|Any CPU
		{B8B19D01-5A4E-4862-B140-92278333191E}.Debug|Any CPU.ActiveCfg = Debug|Any CPU
		{B8B19D01-5A4E-4862-B140-92278333191E}.Debug|Any CPU.Build.0 = Debug|Any CPU
		{B8B19D01-5A4E-4862-B140-92278333191E}.Release|Any CPU.ActiveCfg = Release|Any CPU
		{B8B19D01-5A4E-4862-B140-92278333191E}.Release|Any CPU.Build.0 = Release|Any CPU
		{984E526D-1653-4C4A-A627-B491AD243DFB}.Debug|Any CPU.ActiveCfg = Debug|Any CPU
		{984E526D-1653-4C4A-A627-B491AD243DFB}.Debug|Any CPU.Build.0 = Debug|Any CPU
		{984E526D-1653-4C4A-A627-B491AD243DFB}.Release|Any CPU.ActiveCfg = Release|Any CPU
		{984E526D-1653-4C4A-A627-B491AD243DFB}.Release|Any CPU.Build.0 = Release|Any CPU
		{C16C1D15-811C-46CD-93AA-9A79222C22C9}.Debug|Any CPU.ActiveCfg = Debug|Any CPU
		{C16C1D15-811C-46CD-93AA-9A79222C22C9}.Debug|Any CPU.Build.0 = Debug|Any CPU
		{C16C1D15-811C-46CD-93AA-9A79222C22C9}.Release|Any CPU.ActiveCfg = Release|Any CPU
		{C16C1D15-811C-46CD-93AA-9A79222C22C9}.Release|Any CPU.Build.0 = Release|Any CPU
		{D75B03B1-66E5-4CEB-9201-EC133854FAB6}.Debug|Any CPU.ActiveCfg = Debug|Any CPU
		{D75B03B1-66E5-4CEB-9201-EC133854FAB6}.Debug|Any CPU.Build.0 = Debug|Any CPU
		{D75B03B1-66E5-4CEB-9201-EC133854FAB6}.Release|Any CPU.ActiveCfg = Release|Any CPU
		{D75B03B1-66E5-4CEB-9201-EC133854FAB6}.Release|Any CPU.Build.0 = Release|Any CPU
		{821927FB-6C24-43B7-9D3A-8A87743F42BB}.Debug|Any CPU.ActiveCfg = Debug|Any CPU
		{821927FB-6C24-43B7-9D3A-8A87743F42BB}.Debug|Any CPU.Build.0 = Debug|Any CPU
		{821927FB-6C24-43B7-9D3A-8A87743F42BB}.Release|Any CPU.ActiveCfg = Release|Any CPU
		{821927FB-6C24-43B7-9D3A-8A87743F42BB}.Release|Any CPU.Build.0 = Release|Any CPU
		{0275BFC9-0B31-43DD-AE57-5CDA02D29452}.Debug|Any CPU.ActiveCfg = Debug|Any CPU
		{0275BFC9-0B31-43DD-AE57-5CDA02D29452}.Debug|Any CPU.Build.0 = Debug|Any CPU
		{0275BFC9-0B31-43DD-AE57-5CDA02D29452}.Release|Any CPU.ActiveCfg = Release|Any CPU
		{0275BFC9-0B31-43DD-AE57-5CDA02D29452}.Release|Any CPU.Build.0 = Release|Any CPU
	EndGlobalSection
	GlobalSection(SolutionProperties) = preSolution
		HideSolutionNode = FALSE
	EndGlobalSection
EndGlobal
