
Microsoft Visual Studio Solution File, Format Version 12.00
# Visual Studio 15
VisualStudioVersion = 15.0.26430.14
MinimumVisualStudioVersion = 10.0.40219.1
Project("{FAE04EC0-301F-11D3-BF4B-00C04F79EFBC}") = "03.Spyfer", "03.Spyfer\03.Spyfer.csproj", "{F1CDFDCC-243B-4FF1-9F23-2F979BC85AD6}"
EndProject
Project("{FAE04EC0-301F-11D3-BF4B-00C04F79EFBC}") = "04.NSA", "04.NSA\04.NSA.csproj", "{B701EBBF-98B2-489B-BE7E-F1413FEF8A5C}"
EndProject
Project("{FAE04EC0-301F-11D3-BF4B-00C04F79EFBC}") = "01.SplinterTrip", "01.SplinterTrip\01.SplinterTrip.csproj", "{CBF1B96F-8BD8-420E-9854-9FAE5E2A9435}"
EndProject
Project("{FAE04EC0-301F-11D3-BF4B-00C04F79EFBC}") = "02.SpyGram", "02.SpyGram\02.SpyGram.csproj", "{535568E7-0DBC-4654-8955-08DA5395750A}"
EndProject
Project("{FAE04EC0-301F-11D3-BF4B-00C04F79EFBC}") = "Test", "Test\Test.csproj", "{9725F08D-FEF5-4217-957E-D9AADC88D6D2}"
EndProject
Project("{FAE04EC0-301F-11D3-BF4B-00C04F79EFBC}") = "02.SpyGramWorking", "02.SpyGramWorking\02.SpyGramWorking.csproj", "{201C9036-C9CD-4ED7-8213-92E27F9B383F}"
EndProject
Global
	GlobalSection(SolutionConfigurationPlatforms) = preSolution
		Debug|Any CPU = Debug|Any CPU
		Release|Any CPU = Release|Any CPU
	EndGlobalSection
	GlobalSection(ProjectConfigurationPlatforms) = postSolution
		{F1CDFDCC-243B-4FF1-9F23-2F979BC85AD6}.Debug|Any CPU.ActiveCfg = Debug|Any CPU
		{F1CDFDCC-243B-4FF1-9F23-2F979BC85AD6}.Debug|Any CPU.Build.0 = Debug|Any CPU
		{F1CDFDCC-243B-4FF1-9F23-2F979BC85AD6}.Release|Any CPU.ActiveCfg = Release|Any CPU
		{F1CDFDCC-243B-4FF1-9F23-2F979BC85AD6}.Release|Any CPU.Build.0 = Release|Any CPU
		{B701EBBF-98B2-489B-BE7E-F1413FEF8A5C}.Debug|Any CPU.ActiveCfg = Debug|Any CPU
		{B701EBBF-98B2-489B-BE7E-F1413FEF8A5C}.Debug|Any CPU.Build.0 = Debug|Any CPU
		{B701EBBF-98B2-489B-BE7E-F1413FEF8A5C}.Release|Any CPU.ActiveCfg = Release|Any CPU
		{B701EBBF-98B2-489B-BE7E-F1413FEF8A5C}.Release|Any CPU.Build.0 = Release|Any CPU
		{CBF1B96F-8BD8-420E-9854-9FAE5E2A9435}.Debug|Any CPU.ActiveCfg = Debug|Any CPU
		{CBF1B96F-8BD8-420E-9854-9FAE5E2A9435}.Debug|Any CPU.Build.0 = Debug|Any CPU
		{CBF1B96F-8BD8-420E-9854-9FAE5E2A9435}.Release|Any CPU.ActiveCfg = Release|Any CPU
		{CBF1B96F-8BD8-420E-9854-9FAE5E2A9435}.Release|Any CPU.Build.0 = Release|Any CPU
		{535568E7-0DBC-4654-8955-08DA5395750A}.Debug|Any CPU.ActiveCfg = Debug|Any CPU
		{535568E7-0DBC-4654-8955-08DA5395750A}.Debug|Any CPU.Build.0 = Debug|Any CPU
		{535568E7-0DBC-4654-8955-08DA5395750A}.Release|Any CPU.ActiveCfg = Release|Any CPU
		{535568E7-0DBC-4654-8955-08DA5395750A}.Release|Any CPU.Build.0 = Release|Any CPU
		{9725F08D-FEF5-4217-957E-D9AADC88D6D2}.Debug|Any CPU.ActiveCfg = Debug|Any CPU
		{9725F08D-FEF5-4217-957E-D9AADC88D6D2}.Debug|Any CPU.Build.0 = Debug|Any CPU
		{9725F08D-FEF5-4217-957E-D9AADC88D6D2}.Release|Any CPU.ActiveCfg = Release|Any CPU
		{9725F08D-FEF5-4217-957E-D9AADC88D6D2}.Release|Any CPU.Build.0 = Release|Any CPU
		{201C9036-C9CD-4ED7-8213-92E27F9B383F}.Debug|Any CPU.ActiveCfg = Debug|Any CPU
		{201C9036-C9CD-4ED7-8213-92E27F9B383F}.Debug|Any CPU.Build.0 = Debug|Any CPU
		{201C9036-C9CD-4ED7-8213-92E27F9B383F}.Release|Any CPU.ActiveCfg = Release|Any CPU
		{201C9036-C9CD-4ED7-8213-92E27F9B383F}.Release|Any CPU.Build.0 = Release|Any CPU
	EndGlobalSection
	GlobalSection(SolutionProperties) = preSolution
		HideSolutionNode = FALSE
	EndGlobalSection
EndGlobal
