
Microsoft Visual Studio Solution File, Format Version 12.00
# Visual Studio 14
VisualStudioVersion = 14.0.25420.1
MinimumVisualStudioVersion = 10.0.40219.1
Project("{FAE04EC0-301F-11D3-BF4B-00C04F79EFBC}") = "SchoolHall", "SchoolHall\SchoolHall.csproj", "{BDA53898-E234-4307-B74C-17C45848DEEB}"
EndProject
Global
	GlobalSection(SolutionConfigurationPlatforms) = preSolution
		Debug|Any CPU = Debug|Any CPU
		Release|Any CPU = Release|Any CPU
	EndGlobalSection
	GlobalSection(ProjectConfigurationPlatforms) = postSolution
		{BDA53898-E234-4307-B74C-17C45848DEEB}.Debug|Any CPU.ActiveCfg = Debug|Any CPU
		{BDA53898-E234-4307-B74C-17C45848DEEB}.Debug|Any CPU.Build.0 = Debug|Any CPU
		{BDA53898-E234-4307-B74C-17C45848DEEB}.Release|Any CPU.ActiveCfg = Release|Any CPU
		{BDA53898-E234-4307-B74C-17C45848DEEB}.Release|Any CPU.Build.0 = Release|Any CPU
	EndGlobalSection
	GlobalSection(SolutionProperties) = preSolution
		HideSolutionNode = FALSE
	EndGlobalSection
EndGlobal
