
Microsoft Visual Studio Solution File, Format Version 12.00
# Visual Studio 15
VisualStudioVersion = 15.0.26403.0
MinimumVisualStudioVersion = 10.0.40219.1
Project("{FAE04EC0-301F-11D3-BF4B-00C04F79EFBC}") = "04.ChampionsLeague", "04.ChampionsLeague\04.ChampionsLeague.csproj", "{135C5378-C580-435F-8560-B2D593C1DAD0}"
EndProject
Project("{FAE04EC0-301F-11D3-BF4B-00C04F79EFBC}") = "02.Monopoly", "02.Monopoly\02.Monopoly.csproj", "{C2EBFC04-F7AC-4F75-849B-9F494BAF3A3A}"
EndProject
Project("{FAE04EC0-301F-11D3-BF4B-00C04F79EFBC}") = "01.ArrangeIntegers", "01.ArrangeIntegers\01.ArrangeIntegers.csproj", "{99DCF87B-2718-4670-A5E6-64D47FD9E43D}"
EndProject
Global
	GlobalSection(SolutionConfigurationPlatforms) = preSolution
		Debug|Any CPU = Debug|Any CPU
		Release|Any CPU = Release|Any CPU
	EndGlobalSection
	GlobalSection(ProjectConfigurationPlatforms) = postSolution
		{135C5378-C580-435F-8560-B2D593C1DAD0}.Debug|Any CPU.ActiveCfg = Debug|Any CPU
		{135C5378-C580-435F-8560-B2D593C1DAD0}.Debug|Any CPU.Build.0 = Debug|Any CPU
		{135C5378-C580-435F-8560-B2D593C1DAD0}.Release|Any CPU.ActiveCfg = Release|Any CPU
		{135C5378-C580-435F-8560-B2D593C1DAD0}.Release|Any CPU.Build.0 = Release|Any CPU
		{C2EBFC04-F7AC-4F75-849B-9F494BAF3A3A}.Debug|Any CPU.ActiveCfg = Debug|Any CPU
		{C2EBFC04-F7AC-4F75-849B-9F494BAF3A3A}.Debug|Any CPU.Build.0 = Debug|Any CPU
		{C2EBFC04-F7AC-4F75-849B-9F494BAF3A3A}.Release|Any CPU.ActiveCfg = Release|Any CPU
		{C2EBFC04-F7AC-4F75-849B-9F494BAF3A3A}.Release|Any CPU.Build.0 = Release|Any CPU
		{99DCF87B-2718-4670-A5E6-64D47FD9E43D}.Debug|Any CPU.ActiveCfg = Debug|Any CPU
		{99DCF87B-2718-4670-A5E6-64D47FD9E43D}.Debug|Any CPU.Build.0 = Debug|Any CPU
		{99DCF87B-2718-4670-A5E6-64D47FD9E43D}.Release|Any CPU.ActiveCfg = Release|Any CPU
		{99DCF87B-2718-4670-A5E6-64D47FD9E43D}.Release|Any CPU.Build.0 = Release|Any CPU
	EndGlobalSection
	GlobalSection(SolutionProperties) = preSolution
		HideSolutionNode = FALSE
	EndGlobalSection
EndGlobal
