
Microsoft Visual Studio Solution File, Format Version 12.00
# Visual Studio 14
VisualStudioVersion = 14.0.25420.1
MinimumVisualStudioVersion = 10.0.40219.1
Project("{FAE04EC0-301F-11D3-BF4B-00C04F79EFBC}") = "Nums1To20", "Nums1To20\Nums1To20.csproj", "{EB09CC20-3E4D-4362-8019-F1D6FF093102}"
EndProject
Global
	GlobalSection(SolutionConfigurationPlatforms) = preSolution
		Debug|Any CPU = Debug|Any CPU
		Release|Any CPU = Release|Any CPU
	EndGlobalSection
	GlobalSection(ProjectConfigurationPlatforms) = postSolution
		{EB09CC20-3E4D-4362-8019-F1D6FF093102}.Debug|Any CPU.ActiveCfg = Debug|Any CPU
		{EB09CC20-3E4D-4362-8019-F1D6FF093102}.Debug|Any CPU.Build.0 = Debug|Any CPU
		{EB09CC20-3E4D-4362-8019-F1D6FF093102}.Release|Any CPU.ActiveCfg = Release|Any CPU
		{EB09CC20-3E4D-4362-8019-F1D6FF093102}.Release|Any CPU.Build.0 = Release|Any CPU
	EndGlobalSection
	GlobalSection(SolutionProperties) = preSolution
		HideSolutionNode = FALSE
	EndGlobalSection
EndGlobal
