
Microsoft Visual Studio Solution File, Format Version 12.00
# Visual Studio 15
VisualStudioVersion = 15.0.26430.14
MinimumVisualStudioVersion = 10.0.40219.1
Project("{FAE04EC0-301F-11D3-BF4B-00C04F79EFBC}") = "LiveDemo", "LiveDemo\LiveDemo.csproj", "{776DC4B1-0BBB-4A4A-B7AF-33D4C979E2FC}"
EndProject
Project("{FAE04EC0-301F-11D3-BF4B-00C04F79EFBC}") = "01.MathOperation", "01.MathOperation\01.MathOperation.csproj", "{FF371F16-6B1D-4572-B26D-B767C6EDA07F}"
EndProject
Project("{FAE04EC0-301F-11D3-BF4B-00C04F79EFBC}") = "02.Animals", "02.Animals\02.Animals.csproj", "{87FF1065-1025-4026-9C57-497834DBF3F8}"
EndProject
Project("{FAE04EC0-301F-11D3-BF4B-00C04F79EFBC}") = "03.Shapes", "03.Shapes\03.Shapes.csproj", "{B8561823-FF32-4040-A2DB-25C81B1ECD8C}"
EndProject
Global
	GlobalSection(SolutionConfigurationPlatforms) = preSolution
		Debug|Any CPU = Debug|Any CPU
		Release|Any CPU = Release|Any CPU
	EndGlobalSection
	GlobalSection(ProjectConfigurationPlatforms) = postSolution
		{776DC4B1-0BBB-4A4A-B7AF-33D4C979E2FC}.Debug|Any CPU.ActiveCfg = Debug|Any CPU
		{776DC4B1-0BBB-4A4A-B7AF-33D4C979E2FC}.Debug|Any CPU.Build.0 = Debug|Any CPU
		{776DC4B1-0BBB-4A4A-B7AF-33D4C979E2FC}.Release|Any CPU.ActiveCfg = Release|Any CPU
		{776DC4B1-0BBB-4A4A-B7AF-33D4C979E2FC}.Release|Any CPU.Build.0 = Release|Any CPU
		{FF371F16-6B1D-4572-B26D-B767C6EDA07F}.Debug|Any CPU.ActiveCfg = Debug|Any CPU
		{FF371F16-6B1D-4572-B26D-B767C6EDA07F}.Debug|Any CPU.Build.0 = Debug|Any CPU
		{FF371F16-6B1D-4572-B26D-B767C6EDA07F}.Release|Any CPU.ActiveCfg = Release|Any CPU
		{FF371F16-6B1D-4572-B26D-B767C6EDA07F}.Release|Any CPU.Build.0 = Release|Any CPU
		{87FF1065-1025-4026-9C57-497834DBF3F8}.Debug|Any CPU.ActiveCfg = Debug|Any CPU
		{87FF1065-1025-4026-9C57-497834DBF3F8}.Debug|Any CPU.Build.0 = Debug|Any CPU
		{87FF1065-1025-4026-9C57-497834DBF3F8}.Release|Any CPU.ActiveCfg = Release|Any CPU
		{87FF1065-1025-4026-9C57-497834DBF3F8}.Release|Any CPU.Build.0 = Release|Any CPU
		{B8561823-FF32-4040-A2DB-25C81B1ECD8C}.Debug|Any CPU.ActiveCfg = Debug|Any CPU
		{B8561823-FF32-4040-A2DB-25C81B1ECD8C}.Debug|Any CPU.Build.0 = Debug|Any CPU
		{B8561823-FF32-4040-A2DB-25C81B1ECD8C}.Release|Any CPU.ActiveCfg = Release|Any CPU
		{B8561823-FF32-4040-A2DB-25C81B1ECD8C}.Release|Any CPU.Build.0 = Release|Any CPU
	EndGlobalSection
	GlobalSection(SolutionProperties) = preSolution
		HideSolutionNode = FALSE
	EndGlobalSection
EndGlobal
