
Microsoft Visual Studio Solution File, Format Version 12.00
# Visual Studio 14
VisualStudioVersion = 14.0.25420.1
MinimumVisualStudioVersion = 10.0.40219.1
Project("{FAE04EC0-301F-11D3-BF4B-00C04F79EFBC}") = "MyAgeUpToToday", "MyAgeUpToToday\MyAgeUpToToday.csproj", "{B90967AE-EFCF-40A4-9153-555CDCF2CF49}"
EndProject
Project("{FAE04EC0-301F-11D3-BF4B-00C04F79EFBC}") = "MyAgeUpToTodayInDetails", "MyAgeUpToTodayInDetails\MyAgeUpToTodayInDetails.csproj", "{FE70FDCD-F0B9-40FF-8C58-A25598163927}"
EndProject
Global
	GlobalSection(SolutionConfigurationPlatforms) = preSolution
		Debug|Any CPU = Debug|Any CPU
		Release|Any CPU = Release|Any CPU
	EndGlobalSection
	GlobalSection(ProjectConfigurationPlatforms) = postSolution
		{B90967AE-EFCF-40A4-9153-555CDCF2CF49}.Debug|Any CPU.ActiveCfg = Debug|Any CPU
		{B90967AE-EFCF-40A4-9153-555CDCF2CF49}.Debug|Any CPU.Build.0 = Debug|Any CPU
		{B90967AE-EFCF-40A4-9153-555CDCF2CF49}.Release|Any CPU.ActiveCfg = Release|Any CPU
		{B90967AE-EFCF-40A4-9153-555CDCF2CF49}.Release|Any CPU.Build.0 = Release|Any CPU
		{FE70FDCD-F0B9-40FF-8C58-A25598163927}.Debug|Any CPU.ActiveCfg = Debug|Any CPU
		{FE70FDCD-F0B9-40FF-8C58-A25598163927}.Debug|Any CPU.Build.0 = Debug|Any CPU
		{FE70FDCD-F0B9-40FF-8C58-A25598163927}.Release|Any CPU.ActiveCfg = Release|Any CPU
		{FE70FDCD-F0B9-40FF-8C58-A25598163927}.Release|Any CPU.Build.0 = Release|Any CPU
	EndGlobalSection
	GlobalSection(SolutionProperties) = preSolution
		HideSolutionNode = FALSE
	EndGlobalSection
EndGlobal
